
Microsoft Visual Studio Solution File, Format Version 12.00
# Visual Studio Version 16
VisualStudioVersion = 16.0.30002.166
MinimumVisualStudioVersion = 10.0.40219.1
Project("{8BC9CEB8-8B4A-11D0-8D11-00A0C91BC942}") = "holyMFC", "holyMFC\holyMFC.vcxproj", "{AD77519D-442B-4121-A775-6B2EAE565525}"
EndProject
Global
	GlobalSection(SolutionConfigurationPlatforms) = preSolution
		Debug|x64 = Debug|x64
		Debug|x86 = Debug|x86
		Release|x64 = Release|x64
		Release|x86 = Release|x86
	EndGlobalSection
	GlobalSection(ProjectConfigurationPlatforms) = postSolution
		{AD77519D-442B-4121-A775-6B2EAE565525}.Debug|x64.ActiveCfg = Debug|x64
		{AD77519D-442B-4121-A775-6B2EAE565525}.Debug|x64.Build.0 = Debug|x64
		{AD77519D-442B-4121-A775-6B2EAE565525}.Debug|x86.ActiveCfg = Debug|Win32
		{AD77519D-442B-4121-A775-6B2EAE565525}.Debug|x86.Build.0 = Debug|Win32
		{AD77519D-442B-4121-A775-6B2EAE565525}.Release|x64.ActiveCfg = Release|x64
		{AD77519D-442B-4121-A775-6B2EAE565525}.Release|x64.Build.0 = Release|x64
		{AD77519D-442B-4121-A775-6B2EAE565525}.Release|x86.ActiveCfg = Release|Win32
		{AD77519D-442B-4121-A775-6B2EAE565525}.Release|x86.Build.0 = Release|Win32
	EndGlobalSection
	GlobalSection(SolutionProperties) = preSolution
		HideSolutionNode = FALSE
	EndGlobalSection
	GlobalSection(ExtensibilityGlobals) = postSolution
		SolutionGuid = {EF6AD95B-7B98-404F-BF50-2C21C134B941}
	EndGlobalSection
EndGlobal
